
Microsoft Visual Studio Solution File, Format Version 12.00
# Visual Studio Version 16
VisualStudioVersion = 16.0.30114.105
MinimumVisualStudioVersion = 10.0.40219.1
Project("{9A19103F-16F7-4668-BE54-9A1E7A4F7556}") = "ConsoleRouting", "ConsoleRouting\ConsoleRouting.csproj", "{D9C31A4A-6AAB-4507-AFD9-C5220A921DC0}"
EndProject
Project("{9A19103F-16F7-4668-BE54-9A1E7A4F7556}") = "ConsoleRouting.Tests", "ConsoleRouting.Tests\ConsoleRouting.Tests.csproj", "{FE9E2504-F87F-4A40-BD19-A772E42A1972}"
EndProject
Project("{9A19103F-16F7-4668-BE54-9A1E7A4F7556}") = "ConsoleAppTemplate", "ConsoleRouting.AppTemplate\ConsoleAppTemplate.csproj", "{07773CCC-5E81-4A63-B00A-9015012C0C3D}"
EndProject
Global
	GlobalSection(SolutionConfigurationPlatforms) = preSolution
		Debug|Any CPU = Debug|Any CPU
		Release|Any CPU = Release|Any CPU
	EndGlobalSection
	GlobalSection(ProjectConfigurationPlatforms) = postSolution
		{D9C31A4A-6AAB-4507-AFD9-C5220A921DC0}.Debug|Any CPU.ActiveCfg = Debug|Any CPU
		{D9C31A4A-6AAB-4507-AFD9-C5220A921DC0}.Debug|Any CPU.Build.0 = Debug|Any CPU
		{D9C31A4A-6AAB-4507-AFD9-C5220A921DC0}.Release|Any CPU.ActiveCfg = Release|Any CPU
		{D9C31A4A-6AAB-4507-AFD9-C5220A921DC0}.Release|Any CPU.Build.0 = Release|Any CPU
		{FE9E2504-F87F-4A40-BD19-A772E42A1972}.Debug|Any CPU.ActiveCfg = Debug|Any CPU
		{FE9E2504-F87F-4A40-BD19-A772E42A1972}.Debug|Any CPU.Build.0 = Debug|Any CPU
		{FE9E2504-F87F-4A40-BD19-A772E42A1972}.Release|Any CPU.ActiveCfg = Release|Any CPU
		{FE9E2504-F87F-4A40-BD19-A772E42A1972}.Release|Any CPU.Build.0 = Release|Any CPU
		{07773CCC-5E81-4A63-B00A-9015012C0C3D}.Debug|Any CPU.ActiveCfg = Debug|Any CPU
		{07773CCC-5E81-4A63-B00A-9015012C0C3D}.Debug|Any CPU.Build.0 = Debug|Any CPU
		{07773CCC-5E81-4A63-B00A-9015012C0C3D}.Release|Any CPU.ActiveCfg = Release|Any CPU
		{07773CCC-5E81-4A63-B00A-9015012C0C3D}.Release|Any CPU.Build.0 = Release|Any CPU
	EndGlobalSection
	GlobalSection(SolutionProperties) = preSolution
		HideSolutionNode = FALSE
	EndGlobalSection
	GlobalSection(ExtensibilityGlobals) = postSolution
		SolutionGuid = {301260CD-A922-4548-BAAD-5F9FE7B061F7}
	EndGlobalSection
EndGlobal
