
Microsoft Visual Studio Solution File, Format Version 12.00
# Visual Studio Version 16
VisualStudioVersion = 16.0.30114.105
MinimumVisualStudioVersion = 10.0.40219.1
Project("{9A19103F-16F7-4668-BE54-9A1E7A4F7556}") = "Console.Routing", "Console.Routing\Console.Routing.csproj", "{1F33FFE9-F5FD-4518-A7E5-440E7D654A15}"
EndProject
Project("{9A19103F-16F7-4668-BE54-9A1E7A4F7556}") = "Console.Routing.Tests", "Console.Routing.Tests\Console.Routing.Tests.csproj", "{4EDE601B-D1B6-436D-BA6A-85CDE0223E62}"
EndProject
Project("{FAE04EC0-301F-11D3-BF4B-00C04F79EFBC}") = "ConsoleAppTemplate", "ConsoleAppTemplate\ConsoleAppTemplate.csproj", "{A0542A9E-AE64-4D74-88FA-A8AB6164E1B6}"
EndProject
Global
	GlobalSection(SolutionConfigurationPlatforms) = preSolution
		Debug|Any CPU = Debug|Any CPU
		Release|Any CPU = Release|Any CPU
	EndGlobalSection
	GlobalSection(ProjectConfigurationPlatforms) = postSolution
		{1F33FFE9-F5FD-4518-A7E5-440E7D654A15}.Debug|Any CPU.ActiveCfg = Debug|Any CPU
		{1F33FFE9-F5FD-4518-A7E5-440E7D654A15}.Debug|Any CPU.Build.0 = Debug|Any CPU
		{1F33FFE9-F5FD-4518-A7E5-440E7D654A15}.Release|Any CPU.ActiveCfg = Release|Any CPU
		{1F33FFE9-F5FD-4518-A7E5-440E7D654A15}.Release|Any CPU.Build.0 = Release|Any CPU
		{4EDE601B-D1B6-436D-BA6A-85CDE0223E62}.Debug|Any CPU.ActiveCfg = Debug|Any CPU
		{4EDE601B-D1B6-436D-BA6A-85CDE0223E62}.Debug|Any CPU.Build.0 = Debug|Any CPU
		{4EDE601B-D1B6-436D-BA6A-85CDE0223E62}.Release|Any CPU.ActiveCfg = Release|Any CPU
		{4EDE601B-D1B6-436D-BA6A-85CDE0223E62}.Release|Any CPU.Build.0 = Release|Any CPU
		{A0542A9E-AE64-4D74-88FA-A8AB6164E1B6}.Debug|Any CPU.ActiveCfg = Debug|Any CPU
		{A0542A9E-AE64-4D74-88FA-A8AB6164E1B6}.Debug|Any CPU.Build.0 = Debug|Any CPU
		{A0542A9E-AE64-4D74-88FA-A8AB6164E1B6}.Release|Any CPU.ActiveCfg = Release|Any CPU
		{A0542A9E-AE64-4D74-88FA-A8AB6164E1B6}.Release|Any CPU.Build.0 = Release|Any CPU
	EndGlobalSection
	GlobalSection(SolutionProperties) = preSolution
		HideSolutionNode = FALSE
	EndGlobalSection
	GlobalSection(ExtensibilityGlobals) = postSolution
		SolutionGuid = {301260CD-A922-4548-BAAD-5F9FE7B061F7}
	EndGlobalSection
EndGlobal
