
Microsoft Visual Studio Solution File, Format Version 12.00
# Visual Studio 15
VisualStudioVersion = 15.0.27428.1
MinimumVisualStudioVersion = 10.0.40219.1
Project("{9A19103F-16F7-4668-BE54-9A1E7A4F7556}") = "Shell.Routing", "Shell.Routing\Shell.Routing.csproj", "{14ECFD2B-B278-4F40-84F9-127AE9FB8A99}"
EndProject
Project("{9A19103F-16F7-4668-BE54-9A1E7A4F7556}") = "Shell.Routing.Tests", "Shell.Routing.Tests\Shell.Routing.Tests.csproj", "{C2A5421F-A575-4C8D-829D-E74C76F58A7A}"
EndProject
Global
	GlobalSection(SolutionConfigurationPlatforms) = preSolution
		Debug|Any CPU = Debug|Any CPU
		Release|Any CPU = Release|Any CPU
	EndGlobalSection
	GlobalSection(ProjectConfigurationPlatforms) = postSolution
		{14ECFD2B-B278-4F40-84F9-127AE9FB8A99}.Debug|Any CPU.ActiveCfg = Debug|Any CPU
		{14ECFD2B-B278-4F40-84F9-127AE9FB8A99}.Debug|Any CPU.Build.0 = Debug|Any CPU
		{14ECFD2B-B278-4F40-84F9-127AE9FB8A99}.Release|Any CPU.ActiveCfg = Release|Any CPU
		{14ECFD2B-B278-4F40-84F9-127AE9FB8A99}.Release|Any CPU.Build.0 = Release|Any CPU
		{C2A5421F-A575-4C8D-829D-E74C76F58A7A}.Debug|Any CPU.ActiveCfg = Debug|Any CPU
		{C2A5421F-A575-4C8D-829D-E74C76F58A7A}.Debug|Any CPU.Build.0 = Debug|Any CPU
		{C2A5421F-A575-4C8D-829D-E74C76F58A7A}.Release|Any CPU.ActiveCfg = Release|Any CPU
		{C2A5421F-A575-4C8D-829D-E74C76F58A7A}.Release|Any CPU.Build.0 = Release|Any CPU
	EndGlobalSection
	GlobalSection(SolutionProperties) = preSolution
		HideSolutionNode = FALSE
	EndGlobalSection
	GlobalSection(ExtensibilityGlobals) = postSolution
		SolutionGuid = {301260CD-A922-4548-BAAD-5F9FE7B061F7}
	EndGlobalSection
EndGlobal
